
Microsoft Visual Studio Solution File, Format Version 12.00
# Visual Studio Version 17
VisualStudioVersion = 17.10.35013.160
MinimumVisualStudioVersion = 10.0.40219.1
Project("{FAE04EC0-301F-11D3-BF4B-00C04F79EFBC}") = "EBMSS", "EBMSS\EBMSS.csproj", "{0A54952D-1FE9-4D53-ADA3-0A9C7B956F70}"
EndProject
Global
	GlobalSection(SolutionConfigurationPlatforms) = preSolution
		Debug|Any CPU = Debug|Any CPU
		Release|Any CPU = Release|Any CPU
	EndGlobalSection
	GlobalSection(ProjectConfigurationPlatforms) = postSolution
		{0A54952D-1FE9-4D53-ADA3-0A9C7B956F70}.Debug|Any CPU.ActiveCfg = Debug|Any CPU
		{0A54952D-1FE9-4D53-ADA3-0A9C7B956F70}.Debug|Any CPU.Build.0 = Debug|Any CPU
		{0A54952D-1FE9-4D53-ADA3-0A9C7B956F70}.Release|Any CPU.ActiveCfg = Release|Any CPU
		{0A54952D-1FE9-4D53-ADA3-0A9C7B956F70}.Release|Any CPU.Build.0 = Release|Any CPU
	EndGlobalSection
	GlobalSection(SolutionProperties) = preSolution
		HideSolutionNode = FALSE
	EndGlobalSection
	GlobalSection(ExtensibilityGlobals) = postSolution
		SolutionGuid = {68F29631-0BEC-486F-9D80-F9A21D8ABD71}
	EndGlobalSection
EndGlobal
